
Microsoft Visual Studio Solution File, Format Version 12.00
# Visual Studio Version 17
VisualStudioVersion = 17.5.002.0
MinimumVisualStudioVersion = 10.0.40219.1
Project("{9A19103F-16F7-4668-BE54-9A1E7A4F7556}") = "calculate-final-gpa", "calculate-final-gpa.csproj", "{536C134C-AA95-4EF5-896E-C3523DF594C4}"
EndProject
Project("{9A19103F-16F7-4668-BE54-9A1E7A4F7556}") = "calculate-final-gpa.tests", "calculate-final-gpa.tests\calculate-final-gpa.tests.csproj", "{5F200E73-439F-4FE0-8D94-C8C1A5F1DCF1}"
EndProject
Global
	GlobalSection(SolutionConfigurationPlatforms) = preSolution
		Debug|Any CPU = Debug|Any CPU
		Release|Any CPU = Release|Any CPU
	EndGlobalSection
	GlobalSection(ProjectConfigurationPlatforms) = postSolution
		{536C134C-AA95-4EF5-896E-C3523DF594C4}.Debug|Any CPU.ActiveCfg = Debug|Any CPU
		{536C134C-AA95-4EF5-896E-C3523DF594C4}.Debug|Any CPU.Build.0 = Debug|Any CPU
		{536C134C-AA95-4EF5-896E-C3523DF594C4}.Release|Any CPU.ActiveCfg = Release|Any CPU
		{536C134C-AA95-4EF5-896E-C3523DF594C4}.Release|Any CPU.Build.0 = Release|Any CPU
		{5F200E73-439F-4FE0-8D94-C8C1A5F1DCF1}.Debug|Any CPU.ActiveCfg = Debug|Any CPU
		{5F200E73-439F-4FE0-8D94-C8C1A5F1DCF1}.Debug|Any CPU.Build.0 = Debug|Any CPU
		{5F200E73-439F-4FE0-8D94-C8C1A5F1DCF1}.Release|Any CPU.ActiveCfg = Release|Any CPU
		{5F200E73-439F-4FE0-8D94-C8C1A5F1DCF1}.Release|Any CPU.Build.0 = Release|Any CPU
	EndGlobalSection
	GlobalSection(SolutionProperties) = preSolution
		HideSolutionNode = FALSE
	EndGlobalSection
	GlobalSection(ExtensibilityGlobals) = postSolution
		SolutionGuid = {AC360E1E-D689-41D1-9EA5-75889D7648A9}
	EndGlobalSection
EndGlobal
